<?xml version="1.0" encoding="utf-8"?>
<Project ToolsVersion="4.0" xmlns="http://schemas.microsoft.com/developer/msbuild/2003">
  <ItemGroup>
    <ClCompile Include="src/PCANBasic.cpp" />
    <ClCompile Include="Main.cpp" />
    <ClCompile Include="PlatformSpecific\Windows\ClientPlatformSpecific.cpp" />
    <ClCompile Include="src/SDKClient.cpp" />
    <ClCompile Include="src/MotorController.cpp" />
    <ClCompile Include="src/math_utils.cpp" />
    <ClCompile Include="src/GraphicInteractor.cpp" />
  </ItemGroup>
  <ItemGroup>
    <ClInclude Include="include/PCANBasic.hpp" />
    <ClInclude Include="include/ClientLogging.hpp" />
    <ClInclude Include="PlatformSpecific\ClientPlatformSpecific.hpp" />
    <ClInclude Include="PlatformSpecific\Windows\ClientPlatformSpecificTypes.hpp" />
    <ClInclude Include="include/SDKClient.hpp" />
    <ClInclude Include="include/MotorController.hpp" />
    <ClInclude Include="include/math_utils.hpp" />
    <ClInclude Include="include/GraphicInteractor.hpp" />
  </ItemGroup>
</Project>